
Microsoft Visual Studio Solution File, Format Version 12.00
# Visual Studio Version 16
VisualStudioVersion = 16.0.35026.282
MinimumVisualStudioVersion = 10.0.40219.1
Project("{FAE04EC0-301F-11D3-BF4B-00C04F79EFBC}") = "CC1", "CC1\CC1.csproj", "{0AF03461-B2C7-4CD9-8C43-21D54C63389C}"
EndProject
Global
	GlobalSection(SolutionConfigurationPlatforms) = preSolution
		Debug|Any CPU = Debug|Any CPU
		Release|Any CPU = Release|Any CPU
	EndGlobalSection
	GlobalSection(ProjectConfigurationPlatforms) = postSolution
		{0AF03461-B2C7-4CD9-8C43-21D54C63389C}.Debug|Any CPU.ActiveCfg = Debug|Any CPU
		{0AF03461-B2C7-4CD9-8C43-21D54C63389C}.Debug|Any CPU.Build.0 = Debug|Any CPU
		{0AF03461-B2C7-4CD9-8C43-21D54C63389C}.Release|Any CPU.ActiveCfg = Release|Any CPU
		{0AF03461-B2C7-4CD9-8C43-21D54C63389C}.Release|Any CPU.Build.0 = Release|Any CPU
	EndGlobalSection
	GlobalSection(SolutionProperties) = preSolution
		HideSolutionNode = FALSE
	EndGlobalSection
	GlobalSection(ExtensibilityGlobals) = postSolution
		SolutionGuid = {74B0B970-0B35-4568-B001-0698452083C0}
	EndGlobalSection
EndGlobal
