
Microsoft Visual Studio Solution File, Format Version 12.00
# Visual Studio Version 16
VisualStudioVersion = 16.0.34931.43
MinimumVisualStudioVersion = 10.0.40219.1
Project("{FAE04EC0-301F-11D3-BF4B-00C04F79EFBC}") = "AA6", "AA6.csproj", "{1333CFD2-3AA0-4A12-93E5-0565784AC4A8}"
EndProject
Project("{FAE04EC0-301F-11D3-BF4B-00C04F79EFBC}") = "TravelConcessionLib", "..\TravelConcessionLib\TravelConcessionLib.csproj", "{91DEA1FD-A0DF-4B85-B9F7-1C6C05344753}"
EndProject
Project("{FAE04EC0-301F-11D3-BF4B-00C04F79EFBC}") = "TravelConcessionApp", "..\TravelConcessionApp\TravelConcessionApp.csproj", "{EADE2CC2-F58E-41CD-95CE-92F6DA5C9270}"
EndProject
Global
	GlobalSection(SolutionConfigurationPlatforms) = preSolution
		Debug|Any CPU = Debug|Any CPU
		Release|Any CPU = Release|Any CPU
	EndGlobalSection
	GlobalSection(ProjectConfigurationPlatforms) = postSolution
		{1333CFD2-3AA0-4A12-93E5-0565784AC4A8}.Debug|Any CPU.ActiveCfg = Debug|Any CPU
		{1333CFD2-3AA0-4A12-93E5-0565784AC4A8}.Debug|Any CPU.Build.0 = Debug|Any CPU
		{1333CFD2-3AA0-4A12-93E5-0565784AC4A8}.Release|Any CPU.ActiveCfg = Release|Any CPU
		{1333CFD2-3AA0-4A12-93E5-0565784AC4A8}.Release|Any CPU.Build.0 = Release|Any CPU
		{91DEA1FD-A0DF-4B85-B9F7-1C6C05344753}.Debug|Any CPU.ActiveCfg = Debug|Any CPU
		{91DEA1FD-A0DF-4B85-B9F7-1C6C05344753}.Debug|Any CPU.Build.0 = Debug|Any CPU
		{91DEA1FD-A0DF-4B85-B9F7-1C6C05344753}.Release|Any CPU.ActiveCfg = Release|Any CPU
		{91DEA1FD-A0DF-4B85-B9F7-1C6C05344753}.Release|Any CPU.Build.0 = Release|Any CPU
		{EADE2CC2-F58E-41CD-95CE-92F6DA5C9270}.Debug|Any CPU.ActiveCfg = Debug|Any CPU
		{EADE2CC2-F58E-41CD-95CE-92F6DA5C9270}.Debug|Any CPU.Build.0 = Debug|Any CPU
		{EADE2CC2-F58E-41CD-95CE-92F6DA5C9270}.Release|Any CPU.ActiveCfg = Release|Any CPU
		{EADE2CC2-F58E-41CD-95CE-92F6DA5C9270}.Release|Any CPU.Build.0 = Release|Any CPU
	EndGlobalSection
	GlobalSection(SolutionProperties) = preSolution
		HideSolutionNode = FALSE
	EndGlobalSection
	GlobalSection(ExtensibilityGlobals) = postSolution
		SolutionGuid = {F5D1E899-9996-444E-99EA-65A4B1C4C937}
	EndGlobalSection
EndGlobal
