
Microsoft Visual Studio Solution File, Format Version 12.00
# Visual Studio Version 16
VisualStudioVersion = 16.0.34931.43
MinimumVisualStudioVersion = 10.0.40219.1
Project("{FAE04EC0-301F-11D3-BF4B-00C04F79EFBC}") = "Cc2", "Cc2.csproj", "{56EBF200-F066-46BE-9163-25048002529A}"
EndProject
Global
	GlobalSection(SolutionConfigurationPlatforms) = preSolution
		Debug|Any CPU = Debug|Any CPU
		Release|Any CPU = Release|Any CPU
	EndGlobalSection
	GlobalSection(ProjectConfigurationPlatforms) = postSolution
		{56EBF200-F066-46BE-9163-25048002529A}.Debug|Any CPU.ActiveCfg = Debug|Any CPU
		{56EBF200-F066-46BE-9163-25048002529A}.Debug|Any CPU.Build.0 = Debug|Any CPU
		{56EBF200-F066-46BE-9163-25048002529A}.Release|Any CPU.ActiveCfg = Release|Any CPU
		{56EBF200-F066-46BE-9163-25048002529A}.Release|Any CPU.Build.0 = Release|Any CPU
	EndGlobalSection
	GlobalSection(SolutionProperties) = preSolution
		HideSolutionNode = FALSE
	EndGlobalSection
	GlobalSection(ExtensibilityGlobals) = postSolution
		SolutionGuid = {E4166BB8-F06F-4899-9645-A79118A107C7}
	EndGlobalSection
EndGlobal
